
Microsoft Visual Studio Solution File, Format Version 12.00
# Visual Studio 15
VisualStudioVersion = 15.0.28307.1231
MinimumVisualStudioVersion = 10.0.40219.1
Project("{8BC9CEB8-8B4A-11D0-8D11-00A0C91BC942}") = "CS580HW4", "CS580HW4.vcxproj", "{A60DA343-C2CA-47E0-AA4D-58CF7C5513C5}"
EndProject
Global
	GlobalSection(SolutionConfigurationPlatforms) = preSolution
		Debug|x86 = Debug|x86
		Release|x86 = Release|x86
	EndGlobalSection
	GlobalSection(ProjectConfigurationPlatforms) = postSolution
		{A60DA343-C2CA-47E0-AA4D-58CF7C5513C5}.Debug|x86.ActiveCfg = Debug|Win32
		{A60DA343-C2CA-47E0-AA4D-58CF7C5513C5}.Debug|x86.Build.0 = Debug|Win32
		{A60DA343-C2CA-47E0-AA4D-58CF7C5513C5}.Release|x86.ActiveCfg = Release|Win32
		{A60DA343-C2CA-47E0-AA4D-58CF7C5513C5}.Release|x86.Build.0 = Release|Win32
	EndGlobalSection
	GlobalSection(SolutionProperties) = preSolution
		HideSolutionNode = FALSE
	EndGlobalSection
	GlobalSection(ExtensibilityGlobals) = postSolution
		SolutionGuid = {7019F65C-736E-47C0-B715-2A285123C30A}
	EndGlobalSection
EndGlobal
