
Microsoft Visual Studio Solution File, Format Version 12.00
# Visual Studio 15
VisualStudioVersion = 15.0.28307.1231
MinimumVisualStudioVersion = 10.0.40219.1
Project("{8BC9CEB8-8B4A-11D0-8D11-00A0C91BC942}") = "CS580HW5", "CS580HW5.vcxproj", "{4E5653E8-FA35-4560-99C1-7076170A0D24}"
EndProject
Global
	GlobalSection(SolutionConfigurationPlatforms) = preSolution
		Debug|x86 = Debug|x86
		Release|x86 = Release|x86
	EndGlobalSection
	GlobalSection(ProjectConfigurationPlatforms) = postSolution
		{4E5653E8-FA35-4560-99C1-7076170A0D24}.Debug|x86.ActiveCfg = Debug|Win32
		{4E5653E8-FA35-4560-99C1-7076170A0D24}.Debug|x86.Build.0 = Debug|Win32
		{4E5653E8-FA35-4560-99C1-7076170A0D24}.Release|x86.ActiveCfg = Release|Win32
		{4E5653E8-FA35-4560-99C1-7076170A0D24}.Release|x86.Build.0 = Release|Win32
	EndGlobalSection
	GlobalSection(SolutionProperties) = preSolution
		HideSolutionNode = FALSE
	EndGlobalSection
	GlobalSection(ExtensibilityGlobals) = postSolution
		SolutionGuid = {96E36D6F-1F01-4D94-BE89-68DC988F2869}
	EndGlobalSection
EndGlobal
